// !$*UTF8*$!
{
	archiveVersion = 1;
	classes = {
	};
	objectVersion = 56;
	objects = {

/* Begin PBXBuildFile section */
		2715C2AD2BA8992C00AAC167 /* RTSHeightMap.swift in Sources */ = {isa = PBXBuildFile; fileRef = 2715C2AC2BA8992C00AAC167 /* RTSHeightMap.swift */; };
		2715C2AE2BA8992C00AAC167 /* RTSHeightMap.swift in Sources */ = {isa = PBXBuildFile; fileRef = 2715C2AC2BA8992C00AAC167 /* RTSHeightMap.swift */; };
		2715C2AF2BA8992C00AAC167 /* RTSHeightMap.swift in Sources */ = {isa = PBXBuildFile; fileRef = 2715C2AC2BA8992C00AAC167 /* RTSHeightMap.swift */; };
		27A2D8BA2BA85DA900F215AA /* RTSMap_types.swift in Sources */ = {isa = PBXBuildFile; fileRef = 27A2D8B92BA85DA900F215AA /* RTSMap_types.swift */; };
		27A2D8BB2BA85DA900F215AA /* RTSMap_types.swift in Sources */ = {isa = PBXBuildFile; fileRef = 27A2D8B92BA85DA900F215AA /* RTSMap_types.swift */; };
		27A2D8BC2BA85DA900F215AA /* RTSMap_types.swift in Sources */ = {isa = PBXBuildFile; fileRef = 27A2D8B92BA85DA900F215AA /* RTSMap_types.swift */; };
		27A2D8F82BA8791800F215AA /* RTSTests.swift in Sources */ = {isa = PBXBuildFile; fileRef = 27A2D8F72BA8791800F215AA /* RTSTests.swift */; };
		F411480A2BAB126B007F052D /* Drone.mtl in Resources */ = {isa = PBXBuildFile; fileRef = F41148072BAB126B007F052D /* Drone.mtl */; };
		F411480B2BAB126B007F052D /* Drone.mtl in Resources */ = {isa = PBXBuildFile; fileRef = F41148072BAB126B007F052D /* Drone.mtl */; };
		F411480C2BAB126B007F052D /* Drone.mtl in Resources */ = {isa = PBXBuildFile; fileRef = F41148072BAB126B007F052D /* Drone.mtl */; };
		F411480D2BAB126B007F052D /* Drone.obj in Resources */ = {isa = PBXBuildFile; fileRef = F41148082BAB126B007F052D /* Drone.obj */; };
		F411480E2BAB126B007F052D /* Drone.obj in Resources */ = {isa = PBXBuildFile; fileRef = F41148082BAB126B007F052D /* Drone.obj */; };
		F411480F2BAB126B007F052D /* Drone.obj in Resources */ = {isa = PBXBuildFile; fileRef = F41148082BAB126B007F052D /* Drone.obj */; };
		F41148122BAB1821007F052D /* FunctionLibrary.swift in Sources */ = {isa = PBXBuildFile; fileRef = F41148112BAB1821007F052D /* FunctionLibrary.swift */; };
		F41148132BAB1821007F052D /* FunctionLibrary.swift in Sources */ = {isa = PBXBuildFile; fileRef = F41148112BAB1821007F052D /* FunctionLibrary.swift */; };
		F41148142BAB1821007F052D /* FunctionLibrary.swift in Sources */ = {isa = PBXBuildFile; fileRef = F41148112BAB1821007F052D /* FunctionLibrary.swift */; };
		F41148162BAB18D4007F052D /* Engine.swift in Sources */ = {isa = PBXBuildFile; fileRef = F41148152BAB18D4007F052D /* Engine.swift */; };
		F41148172BAB18D4007F052D /* Engine.swift in Sources */ = {isa = PBXBuildFile; fileRef = F41148152BAB18D4007F052D /* Engine.swift */; };
		F41148182BAB18D4007F052D /* Engine.swift in Sources */ = {isa = PBXBuildFile; fileRef = F41148152BAB18D4007F052D /* Engine.swift */; };
		F411481A2BAB1B52007F052D /* PipelineStateLibrary.swift in Sources */ = {isa = PBXBuildFile; fileRef = F41148192BAB1B52007F052D /* PipelineStateLibrary.swift */; };
		F411481B2BAB1B52007F052D /* PipelineStateLibrary.swift in Sources */ = {isa = PBXBuildFile; fileRef = F41148192BAB1B52007F052D /* PipelineStateLibrary.swift */; };
		F411481C2BAB1B52007F052D /* PipelineStateLibrary.swift in Sources */ = {isa = PBXBuildFile; fileRef = F41148192BAB1B52007F052D /* PipelineStateLibrary.swift */; };
		F411481E2BAB1CC9007F052D /* EngineSettings.swift in Sources */ = {isa = PBXBuildFile; fileRef = F411481D2BAB1CC9007F052D /* EngineSettings.swift */; };
		F411481F2BAB1CC9007F052D /* EngineSettings.swift in Sources */ = {isa = PBXBuildFile; fileRef = F411481D2BAB1CC9007F052D /* EngineSettings.swift */; };
		F41148202BAB1CC9007F052D /* EngineSettings.swift in Sources */ = {isa = PBXBuildFile; fileRef = F411481D2BAB1CC9007F052D /* EngineSettings.swift */; };
		F41148222BAB1F40007F052D /* Drawable.swift in Sources */ = {isa = PBXBuildFile; fileRef = F41148212BAB1F40007F052D /* Drawable.swift */; };
		F41148232BAB1F40007F052D /* Drawable.swift in Sources */ = {isa = PBXBuildFile; fileRef = F41148212BAB1F40007F052D /* Drawable.swift */; };
		F41148242BAB1F40007F052D /* Drawable.swift in Sources */ = {isa = PBXBuildFile; fileRef = F41148212BAB1F40007F052D /* Drawable.swift */; };
		F41148262BAB22DD007F052D /* GPUEncodable.swift in Sources */ = {isa = PBXBuildFile; fileRef = F41148252BAB22DD007F052D /* GPUEncodable.swift */; };
		F41148272BAB22DD007F052D /* GPUEncodable.swift in Sources */ = {isa = PBXBuildFile; fileRef = F41148252BAB22DD007F052D /* GPUEncodable.swift */; };
		F41148282BAB22DD007F052D /* GPUEncodable.swift in Sources */ = {isa = PBXBuildFile; fileRef = F41148252BAB22DD007F052D /* GPUEncodable.swift */; };
		F41F82E32B9C627B006974CE /* Vertex.swift in Sources */ = {isa = PBXBuildFile; fileRef = F41F82E22B9C627B006974CE /* Vertex.swift */; };
		F41F82E42B9C627B006974CE /* Vertex.swift in Sources */ = {isa = PBXBuildFile; fileRef = F41F82E22B9C627B006974CE /* Vertex.swift */; };
		F41F82E52B9C627B006974CE /* Vertex.swift in Sources */ = {isa = PBXBuildFile; fileRef = F41F82E22B9C627B006974CE /* Vertex.swift */; };
		F45280752BA457D200BF6D92 /* Quad.swift in Sources */ = {isa = PBXBuildFile; fileRef = F45280742BA457D200BF6D92 /* Quad.swift */; };
		F45280762BA457D200BF6D92 /* Quad.swift in Sources */ = {isa = PBXBuildFile; fileRef = F45280742BA457D200BF6D92 /* Quad.swift */; };
		F45280772BA457D200BF6D92 /* Quad.swift in Sources */ = {isa = PBXBuildFile; fileRef = F45280742BA457D200BF6D92 /* Quad.swift */; };
		F4534A652BA8778800505014 /* RTSTests.swift in Sources */ = {isa = PBXBuildFile; fileRef = F4534A642BA8778800505014 /* RTSTests.swift */; };
		F4534A762BA893F900505014 /* Matrix.swift in Sources */ = {isa = PBXBuildFile; fileRef = F4534A752BA893F900505014 /* Matrix.swift */; };
		F4534A772BA893F900505014 /* Matrix.swift in Sources */ = {isa = PBXBuildFile; fileRef = F4534A752BA893F900505014 /* Matrix.swift */; };
		F4534A782BA893F900505014 /* Matrix.swift in Sources */ = {isa = PBXBuildFile; fileRef = F4534A752BA893F900505014 /* Matrix.swift */; };
		F4534A7A2BA8950400505014 /* MatrixCalc.swift in Sources */ = {isa = PBXBuildFile; fileRef = F4534A792BA8950400505014 /* MatrixCalc.swift */; };
		F4534A7B2BA8950400505014 /* MatrixCalc.swift in Sources */ = {isa = PBXBuildFile; fileRef = F4534A792BA8950400505014 /* MatrixCalc.swift */; };
		F4534A7C2BA8950400505014 /* MatrixCalc.swift in Sources */ = {isa = PBXBuildFile; fileRef = F4534A792BA8950400505014 /* MatrixCalc.swift */; };
		F4534A872BA9965600505014 /* Map Sample.swift in Sources */ = {isa = PBXBuildFile; fileRef = F4534A862BA9965600505014 /* Map Sample.swift */; };
		F4534A882BA9965600505014 /* Map Sample.swift in Sources */ = {isa = PBXBuildFile; fileRef = F4534A862BA9965600505014 /* Map Sample.swift */; };
		F4534A892BA9965600505014 /* Map Sample.swift in Sources */ = {isa = PBXBuildFile; fileRef = F4534A862BA9965600505014 /* Map Sample.swift */; };
		F4534A942BA9C77B00505014 /* Object.swift in Sources */ = {isa = PBXBuildFile; fileRef = F4534A912BA9C77B00505014 /* Object.swift */; };
		F4534A952BA9C77B00505014 /* Object.swift in Sources */ = {isa = PBXBuildFile; fileRef = F4534A912BA9C77B00505014 /* Object.swift */; };
		F4534A962BA9C77B00505014 /* Object.swift in Sources */ = {isa = PBXBuildFile; fileRef = F4534A912BA9C77B00505014 /* Object.swift */; };
		F4534AAD2BA9FC5300505014 /* Transformation.swift in Sources */ = {isa = PBXBuildFile; fileRef = F4534AAC2BA9FC5300505014 /* Transformation.swift */; };
		F4534AAE2BA9FC5300505014 /* Transformation.swift in Sources */ = {isa = PBXBuildFile; fileRef = F4534AAC2BA9FC5300505014 /* Transformation.swift */; };
		F4534AAF2BA9FC5300505014 /* Transformation.swift in Sources */ = {isa = PBXBuildFile; fileRef = F4534AAC2BA9FC5300505014 /* Transformation.swift */; };
		F4534AB12BA9FF3900505014 /* Camera.swift in Sources */ = {isa = PBXBuildFile; fileRef = F4534AB02BA9FF3900505014 /* Camera.swift */; };
		F4534AB22BA9FF3900505014 /* Camera.swift in Sources */ = {isa = PBXBuildFile; fileRef = F4534AB02BA9FF3900505014 /* Camera.swift */; };
		F4534AB32BA9FF3900505014 /* Camera.swift in Sources */ = {isa = PBXBuildFile; fileRef = F4534AB02BA9FF3900505014 /* Camera.swift */; };
		F47CC1032B97415E00125D78 /* AppDelegate.swift in Sources */ = {isa = PBXBuildFile; fileRef = F47CC1022B97415E00125D78 /* AppDelegate.swift */; };
		F47CC1052B97415E00125D78 /* GameViewController.swift in Sources */ = {isa = PBXBuildFile; fileRef = F47CC1042B97415E00125D78 /* GameViewController.swift */; };
		F47CC1082B97415E00125D78 /* Main.storyboard in Resources */ = {isa = PBXBuildFile; fileRef = F47CC1062B97415E00125D78 /* Main.storyboard */; };
		F47CC10B2B97415E00125D78 /* LaunchScreen.storyboard in Resources */ = {isa = PBXBuildFile; fileRef = F47CC1092B97415E00125D78 /* LaunchScreen.storyboard */; };
		F47CC1132B97415E00125D78 /* AppDelegate.swift in Sources */ = {isa = PBXBuildFile; fileRef = F47CC1122B97415E00125D78 /* AppDelegate.swift */; };
		F47CC1152B97415E00125D78 /* GameViewController.swift in Sources */ = {isa = PBXBuildFile; fileRef = F47CC1142B97415E00125D78 /* GameViewController.swift */; };
		F47CC1182B97415E00125D78 /* Main.storyboard in Resources */ = {isa = PBXBuildFile; fileRef = F47CC1162B97415E00125D78 /* Main.storyboard */; };
		F47CC11B2B97415E00125D78 /* LaunchScreen.storyboard in Resources */ = {isa = PBXBuildFile; fileRef = F47CC1192B97415E00125D78 /* LaunchScreen.storyboard */; };
		F47CC1232B97415E00125D78 /* AppDelegate.swift in Sources */ = {isa = PBXBuildFile; fileRef = F47CC1222B97415E00125D78 /* AppDelegate.swift */; };
		F47CC1252B97415E00125D78 /* GameViewController.swift in Sources */ = {isa = PBXBuildFile; fileRef = F47CC1242B97415E00125D78 /* GameViewController.swift */; };
		F47CC1282B97415E00125D78 /* Main.storyboard in Resources */ = {isa = PBXBuildFile; fileRef = F47CC1262B97415E00125D78 /* Main.storyboard */; };
		F47CC12A2B97415E00125D78 /* Shaders.metal in Sources */ = {isa = PBXBuildFile; fileRef = F47CC0F72B97415C00125D78 /* Shaders.metal */; };
		F47CC12B2B97415E00125D78 /* Shaders.metal in Sources */ = {isa = PBXBuildFile; fileRef = F47CC0F72B97415C00125D78 /* Shaders.metal */; };
		F47CC12C2B97415E00125D78 /* Shaders.metal in Sources */ = {isa = PBXBuildFile; fileRef = F47CC0F72B97415C00125D78 /* Shaders.metal */; };
		F47CC12D2B97415E00125D78 /* RTSRenderer.swift in Sources */ = {isa = PBXBuildFile; fileRef = F47CC0F82B97415C00125D78 /* RTSRenderer.swift */; };
		F47CC12E2B97415E00125D78 /* RTSRenderer.swift in Sources */ = {isa = PBXBuildFile; fileRef = F47CC0F82B97415C00125D78 /* RTSRenderer.swift */; };
		F47CC12F2B97415E00125D78 /* RTSRenderer.swift in Sources */ = {isa = PBXBuildFile; fileRef = F47CC0F82B97415C00125D78 /* RTSRenderer.swift */; };
		F47CC1302B97415E00125D78 /* ShaderTypes.h in Resources */ = {isa = PBXBuildFile; fileRef = F47CC0F92B97415C00125D78 /* ShaderTypes.h */; };
		F47CC1312B97415E00125D78 /* ShaderTypes.h in Resources */ = {isa = PBXBuildFile; fileRef = F47CC0F92B97415C00125D78 /* ShaderTypes.h */; };
		F47CC1322B97415E00125D78 /* ShaderTypes.h in Resources */ = {isa = PBXBuildFile; fileRef = F47CC0F92B97415C00125D78 /* ShaderTypes.h */; };
		F47CC1332B97415E00125D78 /* Assets.xcassets in Resources */ = {isa = PBXBuildFile; fileRef = F47CC0FA2B97415E00125D78 /* Assets.xcassets */; };
		F47CC1342B97415E00125D78 /* Assets.xcassets in Resources */ = {isa = PBXBuildFile; fileRef = F47CC0FA2B97415E00125D78 /* Assets.xcassets */; };
		F47CC1352B97415E00125D78 /* Assets.xcassets in Resources */ = {isa = PBXBuildFile; fileRef = F47CC0FA2B97415E00125D78 /* Assets.xcassets */; };
		F4EF7AF32B9B950600A70A56 /* RTSGameDelegate.swift in Sources */ = {isa = PBXBuildFile; fileRef = F4EF7ADF2B9B950600A70A56 /* RTSGameDelegate.swift */; };
		F4EF7AF42B9B950600A70A56 /* RTSGameDelegate.swift in Sources */ = {isa = PBXBuildFile; fileRef = F4EF7ADF2B9B950600A70A56 /* RTSGameDelegate.swift */; };
		F4EF7AF52B9B950600A70A56 /* RTSGameDelegate.swift in Sources */ = {isa = PBXBuildFile; fileRef = F4EF7ADF2B9B950600A70A56 /* RTSGameDelegate.swift */; };
		F4EF7AF62B9B950600A70A56 /* RTSCommunicationDelegate.swift in Sources */ = {isa = PBXBuildFile; fileRef = F4EF7AE02B9B950600A70A56 /* RTSCommunicationDelegate.swift */; };
		F4EF7AF72B9B950600A70A56 /* RTSCommunicationDelegate.swift in Sources */ = {isa = PBXBuildFile; fileRef = F4EF7AE02B9B950600A70A56 /* RTSCommunicationDelegate.swift */; };
		F4EF7AF82B9B950600A70A56 /* RTSCommunicationDelegate.swift in Sources */ = {isa = PBXBuildFile; fileRef = F4EF7AE02B9B950600A70A56 /* RTSCommunicationDelegate.swift */; };
		F4EF7AF92B9B950600A70A56 /* RTSGame.swift in Sources */ = {isa = PBXBuildFile; fileRef = F4EF7AE32B9B950600A70A56 /* RTSGame.swift */; };
		F4EF7AFA2B9B950600A70A56 /* RTSGame.swift in Sources */ = {isa = PBXBuildFile; fileRef = F4EF7AE32B9B950600A70A56 /* RTSGame.swift */; };
		F4EF7AFB2B9B950600A70A56 /* RTSGame.swift in Sources */ = {isa = PBXBuildFile; fileRef = F4EF7AE32B9B950600A70A56 /* RTSGame.swift */; };
		F4EF7AFC2B9B950600A70A56 /* RTSPlayerMoveAction.swift in Sources */ = {isa = PBXBuildFile; fileRef = F4EF7AE52B9B950600A70A56 /* RTSPlayerMoveAction.swift */; };
		F4EF7AFD2B9B950600A70A56 /* RTSPlayerMoveAction.swift in Sources */ = {isa = PBXBuildFile; fileRef = F4EF7AE52B9B950600A70A56 /* RTSPlayerMoveAction.swift */; };
		F4EF7AFE2B9B950600A70A56 /* RTSPlayerMoveAction.swift in Sources */ = {isa = PBXBuildFile; fileRef = F4EF7AE52B9B950600A70A56 /* RTSPlayerMoveAction.swift */; };
		F4EF7AFF2B9B950600A70A56 /* RTSGameAction.swift in Sources */ = {isa = PBXBuildFile; fileRef = F4EF7AE62B9B950600A70A56 /* RTSGameAction.swift */; };
		F4EF7B002B9B950600A70A56 /* RTSGameAction.swift in Sources */ = {isa = PBXBuildFile; fileRef = F4EF7AE62B9B950600A70A56 /* RTSGameAction.swift */; };
		F4EF7B012B9B950600A70A56 /* RTSGameAction.swift in Sources */ = {isa = PBXBuildFile; fileRef = F4EF7AE62B9B950600A70A56 /* RTSGameAction.swift */; };
		F4EF7B022B9B950600A70A56 /* RTSData.swift in Sources */ = {isa = PBXBuildFile; fileRef = F4EF7AE72B9B950600A70A56 /* RTSData.swift */; };
		F4EF7B032B9B950600A70A56 /* RTSData.swift in Sources */ = {isa = PBXBuildFile; fileRef = F4EF7AE72B9B950600A70A56 /* RTSData.swift */; };
		F4EF7B042B9B950600A70A56 /* RTSData.swift in Sources */ = {isa = PBXBuildFile; fileRef = F4EF7AE72B9B950600A70A56 /* RTSData.swift */; };
		F4EF7B052B9B950600A70A56 /* RTSMap.swift in Sources */ = {isa = PBXBuildFile; fileRef = F4EF7AE82B9B950600A70A56 /* RTSMap.swift */; };
		F4EF7B062B9B950600A70A56 /* RTSMap.swift in Sources */ = {isa = PBXBuildFile; fileRef = F4EF7AE82B9B950600A70A56 /* RTSMap.swift */; };
		F4EF7B072B9B950600A70A56 /* RTSMap.swift in Sources */ = {isa = PBXBuildFile; fileRef = F4EF7AE82B9B950600A70A56 /* RTSMap.swift */; };
		F4EF7B082B9B950600A70A56 /* RTSGameSettings.swift in Sources */ = {isa = PBXBuildFile; fileRef = F4EF7AE92B9B950600A70A56 /* RTSGameSettings.swift */; };
		F4EF7B092B9B950600A70A56 /* RTSGameSettings.swift in Sources */ = {isa = PBXBuildFile; fileRef = F4EF7AE92B9B950600A70A56 /* RTSGameSettings.swift */; };
		F4EF7B0A2B9B950600A70A56 /* RTSGameSettings.swift in Sources */ = {isa = PBXBuildFile; fileRef = F4EF7AE92B9B950600A70A56 /* RTSGameSettings.swift */; };
		F4EF7B0B2B9B950600A70A56 /* VectorCalc.swift in Sources */ = {isa = PBXBuildFile; fileRef = F4EF7AEB2B9B950600A70A56 /* VectorCalc.swift */; };
		F4EF7B0C2B9B950600A70A56 /* VectorCalc.swift in Sources */ = {isa = PBXBuildFile; fileRef = F4EF7AEB2B9B950600A70A56 /* VectorCalc.swift */; };
		F4EF7B0D2B9B950600A70A56 /* VectorCalc.swift in Sources */ = {isa = PBXBuildFile; fileRef = F4EF7AEB2B9B950600A70A56 /* VectorCalc.swift */; };
		F4EF7B0E2B9B950600A70A56 /* Vector2.swift in Sources */ = {isa = PBXBuildFile; fileRef = F4EF7AEC2B9B950600A70A56 /* Vector2.swift */; };
		F4EF7B0F2B9B950600A70A56 /* Vector2.swift in Sources */ = {isa = PBXBuildFile; fileRef = F4EF7AEC2B9B950600A70A56 /* Vector2.swift */; };
		F4EF7B102B9B950600A70A56 /* Vector2.swift in Sources */ = {isa = PBXBuildFile; fileRef = F4EF7AEC2B9B950600A70A56 /* Vector2.swift */; };
		F4EF7B112B9B950600A70A56 /* Vector4.swift in Sources */ = {isa = PBXBuildFile; fileRef = F4EF7AED2B9B950600A70A56 /* Vector4.swift */; };
		F4EF7B122B9B950600A70A56 /* Vector4.swift in Sources */ = {isa = PBXBuildFile; fileRef = F4EF7AED2B9B950600A70A56 /* Vector4.swift */; };
		F4EF7B132B9B950600A70A56 /* Vector4.swift in Sources */ = {isa = PBXBuildFile; fileRef = F4EF7AED2B9B950600A70A56 /* Vector4.swift */; };
		F4EF7B142B9B950600A70A56 /* Vector3.swift in Sources */ = {isa = PBXBuildFile; fileRef = F4EF7AEE2B9B950600A70A56 /* Vector3.swift */; };
		F4EF7B152B9B950600A70A56 /* Vector3.swift in Sources */ = {isa = PBXBuildFile; fileRef = F4EF7AEE2B9B950600A70A56 /* Vector3.swift */; };
		F4EF7B162B9B950600A70A56 /* Vector3.swift in Sources */ = {isa = PBXBuildFile; fileRef = F4EF7AEE2B9B950600A70A56 /* Vector3.swift */; };
		F4EF7B172B9B950600A70A56 /* Player.swift in Sources */ = {isa = PBXBuildFile; fileRef = F4EF7AF02B9B950600A70A56 /* Player.swift */; };
		F4EF7B182B9B950600A70A56 /* Player.swift in Sources */ = {isa = PBXBuildFile; fileRef = F4EF7AF02B9B950600A70A56 /* Player.swift */; };
		F4EF7B192B9B950600A70A56 /* Player.swift in Sources */ = {isa = PBXBuildFile; fileRef = F4EF7AF02B9B950600A70A56 /* Player.swift */; };
		F4EF7B1A2B9B950600A70A56 /* Byteable.swift in Sources */ = {isa = PBXBuildFile; fileRef = F4EF7AF22B9B950600A70A56 /* Byteable.swift */; };
		F4EF7B1B2B9B950600A70A56 /* Byteable.swift in Sources */ = {isa = PBXBuildFile; fileRef = F4EF7AF22B9B950600A70A56 /* Byteable.swift */; };
		F4EF7B1C2B9B950600A70A56 /* Byteable.swift in Sources */ = {isa = PBXBuildFile; fileRef = F4EF7AF22B9B950600A70A56 /* Byteable.swift */; };
/* End PBXBuildFile section */

/* Begin PBXContainerItemProxy section */
		F4534A662BA8778800505014 /* PBXContainerItemProxy */ = {
			isa = PBXContainerItemProxy;
			containerPortal = F47CC0F22B97415C00125D78 /* Project object */;
			proxyType = 1;
			remoteGlobalIDString = F47CC11F2B97415E00125D78;
			remoteInfo = "RTS macOS";
		};
/* End PBXContainerItemProxy section */

/* Begin PBXFileReference section */
		2715C2AC2BA8992C00AAC167 /* RTSHeightMap.swift */ = {isa = PBXFileReference; lastKnownFileType = sourcecode.swift; path = RTSHeightMap.swift; sourceTree = "<group>"; };
		27A2D8B92BA85DA900F215AA /* RTSMap_types.swift */ = {isa = PBXFileReference; lastKnownFileType = sourcecode.swift; path = RTSMap_types.swift; sourceTree = "<group>"; };
		27A2D8F52BA8791800F215AA /* RTSTests.xctest */ = {isa = PBXFileReference; explicitFileType = wrapper.cfbundle; includeInIndex = 0; path = RTSTests.xctest; sourceTree = BUILT_PRODUCTS_DIR; };
		27A2D8F72BA8791800F215AA /* RTSTests.swift */ = {isa = PBXFileReference; lastKnownFileType = sourcecode.swift; path = RTSTests.swift; sourceTree = "<group>"; };
		F41148072BAB126B007F052D /* Drone.mtl */ = {isa = PBXFileReference; fileEncoding = 4; lastKnownFileType = text; path = Drone.mtl; sourceTree = "<group>"; };
		F41148082BAB126B007F052D /* Drone.obj */ = {isa = PBXFileReference; fileEncoding = 4; lastKnownFileType = text; path = Drone.obj; sourceTree = "<group>"; };
		F41148112BAB1821007F052D /* FunctionLibrary.swift */ = {isa = PBXFileReference; lastKnownFileType = sourcecode.swift; path = FunctionLibrary.swift; sourceTree = "<group>"; };
		F41148152BAB18D4007F052D /* Engine.swift */ = {isa = PBXFileReference; lastKnownFileType = sourcecode.swift; path = Engine.swift; sourceTree = "<group>"; };
		F41148192BAB1B52007F052D /* PipelineStateLibrary.swift */ = {isa = PBXFileReference; lastKnownFileType = sourcecode.swift; path = PipelineStateLibrary.swift; sourceTree = "<group>"; };
		F411481D2BAB1CC9007F052D /* EngineSettings.swift */ = {isa = PBXFileReference; lastKnownFileType = sourcecode.swift; path = EngineSettings.swift; sourceTree = "<group>"; };
		F41148212BAB1F40007F052D /* Drawable.swift */ = {isa = PBXFileReference; lastKnownFileType = sourcecode.swift; path = Drawable.swift; sourceTree = "<group>"; };
		F41148252BAB22DD007F052D /* GPUEncodable.swift */ = {isa = PBXFileReference; lastKnownFileType = sourcecode.swift; path = GPUEncodable.swift; sourceTree = "<group>"; };
		F41F82E22B9C627B006974CE /* Vertex.swift */ = {isa = PBXFileReference; lastKnownFileType = sourcecode.swift; path = Vertex.swift; sourceTree = "<group>"; };
		F45280742BA457D200BF6D92 /* Quad.swift */ = {isa = PBXFileReference; lastKnownFileType = sourcecode.swift; path = Quad.swift; sourceTree = "<group>"; };
		F4534A622BA8778800505014 /* RTSTests.xctest */ = {isa = PBXFileReference; explicitFileType = wrapper.cfbundle; includeInIndex = 0; path = RTSTests.xctest; sourceTree = BUILT_PRODUCTS_DIR; };
		F4534A642BA8778800505014 /* RTSTests.swift */ = {isa = PBXFileReference; lastKnownFileType = sourcecode.swift; path = RTSTests.swift; sourceTree = "<group>"; };
		F4534A752BA893F900505014 /* Matrix.swift */ = {isa = PBXFileReference; lastKnownFileType = sourcecode.swift; path = Matrix.swift; sourceTree = "<group>"; };
		F4534A792BA8950400505014 /* MatrixCalc.swift */ = {isa = PBXFileReference; lastKnownFileType = sourcecode.swift; path = MatrixCalc.swift; sourceTree = "<group>"; };
		F4534A862BA9965600505014 /* Map Sample.swift */ = {isa = PBXFileReference; lastKnownFileType = sourcecode.swift; path = "Map Sample.swift"; sourceTree = "<group>"; };
		F4534A912BA9C77B00505014 /* Object.swift */ = {isa = PBXFileReference; fileEncoding = 4; lastKnownFileType = sourcecode.swift; path = Object.swift; sourceTree = "<group>"; };
		F4534AAC2BA9FC5300505014 /* Transformation.swift */ = {isa = PBXFileReference; fileEncoding = 4; lastKnownFileType = sourcecode.swift; name = Transformation.swift; path = "RTS Shared/Render Engine/Classes/Transformation.swift"; sourceTree = SOURCE_ROOT; };
		F4534AB02BA9FF3900505014 /* Camera.swift */ = {isa = PBXFileReference; lastKnownFileType = sourcecode.swift; path = Camera.swift; sourceTree = "<group>"; };
		F47CC0F72B97415C00125D78 /* Shaders.metal */ = {isa = PBXFileReference; lastKnownFileType = sourcecode.metal; path = Shaders.metal; sourceTree = "<group>"; };
		F47CC0F82B97415C00125D78 /* RTSRenderer.swift */ = {isa = PBXFileReference; lastKnownFileType = sourcecode.swift; path = RTSRenderer.swift; sourceTree = "<group>"; };
		F47CC0F92B97415C00125D78 /* ShaderTypes.h */ = {isa = PBXFileReference; lastKnownFileType = sourcecode.c.h; path = ShaderTypes.h; sourceTree = "<group>"; };
		F47CC0FA2B97415E00125D78 /* Assets.xcassets */ = {isa = PBXFileReference; lastKnownFileType = folder.assetcatalog; path = Assets.xcassets; sourceTree = "<group>"; };
		F47CC0FF2B97415E00125D78 /* RTS.app */ = {isa = PBXFileReference; explicitFileType = wrapper.application; includeInIndex = 0; path = RTS.app; sourceTree = BUILT_PRODUCTS_DIR; };
		F47CC1022B97415E00125D78 /* AppDelegate.swift */ = {isa = PBXFileReference; lastKnownFileType = sourcecode.swift; path = AppDelegate.swift; sourceTree = "<group>"; };
		F47CC1042B97415E00125D78 /* GameViewController.swift */ = {isa = PBXFileReference; lastKnownFileType = sourcecode.swift; path = GameViewController.swift; sourceTree = "<group>"; };
		F47CC1072B97415E00125D78 /* Base */ = {isa = PBXFileReference; lastKnownFileType = file.storyboard; name = Base; path = Base.lproj/Main.storyboard; sourceTree = "<group>"; };
		F47CC10A2B97415E00125D78 /* Base */ = {isa = PBXFileReference; lastKnownFileType = file.storyboard; name = Base; path = Base.lproj/LaunchScreen.storyboard; sourceTree = "<group>"; };
		F47CC1102B97415E00125D78 /* RTS.app */ = {isa = PBXFileReference; explicitFileType = wrapper.application; includeInIndex = 0; path = RTS.app; sourceTree = BUILT_PRODUCTS_DIR; };
		F47CC1122B97415E00125D78 /* AppDelegate.swift */ = {isa = PBXFileReference; lastKnownFileType = sourcecode.swift; path = AppDelegate.swift; sourceTree = "<group>"; };
		F47CC1142B97415E00125D78 /* GameViewController.swift */ = {isa = PBXFileReference; lastKnownFileType = sourcecode.swift; path = GameViewController.swift; sourceTree = "<group>"; };
		F47CC1172B97415E00125D78 /* Base */ = {isa = PBXFileReference; lastKnownFileType = file.storyboard; name = Base; path = Base.lproj/Main.storyboard; sourceTree = "<group>"; };
		F47CC11A2B97415E00125D78 /* Base */ = {isa = PBXFileReference; lastKnownFileType = file.storyboard; name = Base; path = Base.lproj/LaunchScreen.storyboard; sourceTree = "<group>"; };
		F47CC1202B97415E00125D78 /* RTS.app */ = {isa = PBXFileReference; explicitFileType = wrapper.application; includeInIndex = 0; path = RTS.app; sourceTree = BUILT_PRODUCTS_DIR; };
		F47CC1222B97415E00125D78 /* AppDelegate.swift */ = {isa = PBXFileReference; lastKnownFileType = sourcecode.swift; path = AppDelegate.swift; sourceTree = "<group>"; };
		F47CC1242B97415E00125D78 /* GameViewController.swift */ = {isa = PBXFileReference; lastKnownFileType = sourcecode.swift; path = GameViewController.swift; sourceTree = "<group>"; };
		F47CC1272B97415E00125D78 /* Base */ = {isa = PBXFileReference; lastKnownFileType = file.storyboard; name = Base; path = Base.lproj/Main.storyboard; sourceTree = "<group>"; };
		F47CC1292B97415E00125D78 /* RTS_macOS.entitlements */ = {isa = PBXFileReference; lastKnownFileType = text.plist.entitlements; path = RTS_macOS.entitlements; sourceTree = "<group>"; };
		F4EF7ADF2B9B950600A70A56 /* RTSGameDelegate.swift */ = {isa = PBXFileReference; fileEncoding = 4; lastKnownFileType = sourcecode.swift; path = RTSGameDelegate.swift; sourceTree = "<group>"; };
		F4EF7AE02B9B950600A70A56 /* RTSCommunicationDelegate.swift */ = {isa = PBXFileReference; fileEncoding = 4; lastKnownFileType = sourcecode.swift; path = RTSCommunicationDelegate.swift; sourceTree = "<group>"; };
		F4EF7AE32B9B950600A70A56 /* RTSGame.swift */ = {isa = PBXFileReference; fileEncoding = 4; lastKnownFileType = sourcecode.swift; path = RTSGame.swift; sourceTree = "<group>"; };
		F4EF7AE52B9B950600A70A56 /* RTSPlayerMoveAction.swift */ = {isa = PBXFileReference; fileEncoding = 4; lastKnownFileType = sourcecode.swift; path = RTSPlayerMoveAction.swift; sourceTree = "<group>"; };
		F4EF7AE62B9B950600A70A56 /* RTSGameAction.swift */ = {isa = PBXFileReference; fileEncoding = 4; lastKnownFileType = sourcecode.swift; path = RTSGameAction.swift; sourceTree = "<group>"; };
		F4EF7AE72B9B950600A70A56 /* RTSData.swift */ = {isa = PBXFileReference; fileEncoding = 4; lastKnownFileType = sourcecode.swift; path = RTSData.swift; sourceTree = "<group>"; };
		F4EF7AE82B9B950600A70A56 /* RTSMap.swift */ = {isa = PBXFileReference; fileEncoding = 4; lastKnownFileType = sourcecode.swift; path = RTSMap.swift; sourceTree = "<group>"; };
		F4EF7AE92B9B950600A70A56 /* RTSGameSettings.swift */ = {isa = PBXFileReference; fileEncoding = 4; lastKnownFileType = sourcecode.swift; path = RTSGameSettings.swift; sourceTree = "<group>"; };
		F4EF7AEB2B9B950600A70A56 /* VectorCalc.swift */ = {isa = PBXFileReference; fileEncoding = 4; lastKnownFileType = sourcecode.swift; path = VectorCalc.swift; sourceTree = "<group>"; };
		F4EF7AEC2B9B950600A70A56 /* Vector2.swift */ = {isa = PBXFileReference; fileEncoding = 4; lastKnownFileType = sourcecode.swift; path = Vector2.swift; sourceTree = "<group>"; };
		F4EF7AED2B9B950600A70A56 /* Vector4.swift */ = {isa = PBXFileReference; fileEncoding = 4; lastKnownFileType = sourcecode.swift; path = Vector4.swift; sourceTree = "<group>"; };
		F4EF7AEE2B9B950600A70A56 /* Vector3.swift */ = {isa = PBXFileReference; fileEncoding = 4; lastKnownFileType = sourcecode.swift; path = Vector3.swift; sourceTree = "<group>"; };
		F4EF7AF02B9B950600A70A56 /* Player.swift */ = {isa = PBXFileReference; fileEncoding = 4; lastKnownFileType = sourcecode.swift; path = Player.swift; sourceTree = "<group>"; };
		F4EF7AF22B9B950600A70A56 /* Byteable.swift */ = {isa = PBXFileReference; fileEncoding = 4; lastKnownFileType = sourcecode.swift; path = Byteable.swift; sourceTree = "<group>"; };
/* End PBXFileReference section */

/* Begin PBXFrameworksBuildPhase section */
		F4534A5F2BA8778800505014 /* Frameworks */ = {
			isa = PBXFrameworksBuildPhase;
			buildActionMask = 2147483647;
			files = (
			);
			runOnlyForDeploymentPostprocessing = 0;
		};
		F47CC0FC2B97415E00125D78 /* Frameworks */ = {
			isa = PBXFrameworksBuildPhase;
			buildActionMask = 2147483647;
			files = (
			);
			runOnlyForDeploymentPostprocessing = 0;
		};
		F47CC10D2B97415E00125D78 /* Frameworks */ = {
			isa = PBXFrameworksBuildPhase;
			buildActionMask = 2147483647;
			files = (
			);
			runOnlyForDeploymentPostprocessing = 0;
		};
		F47CC11D2B97415E00125D78 /* Frameworks */ = {
			isa = PBXFrameworksBuildPhase;
			buildActionMask = 2147483647;
			files = (
			);
			runOnlyForDeploymentPostprocessing = 0;
		};
/* End PBXFrameworksBuildPhase section */

/* Begin PBXGroup section */
		2715C2A72BA8986100AAC167 /* Recovered References */ = {
			isa = PBXGroup;
			children = (
				27A2D8F72BA8791800F215AA /* RTSTests.swift */,
			);
			name = "Recovered References";
			sourceTree = "<group>";
		};
		2715C2AA2BA898ED00AAC167 /* RTSMaps */ = {
			isa = PBXGroup;
			children = (
				27A2D8B92BA85DA900F215AA /* RTSMap_types.swift */,
				F4EF7AE82B9B950600A70A56 /* RTSMap.swift */,
				2715C2AC2BA8992C00AAC167 /* RTSHeightMap.swift */,
			);
			path = RTSMaps;
			sourceTree = "<group>";
		};
		F41148092BAB126B007F052D /* Drone */ = {
			isa = PBXGroup;
			children = (
				F41148072BAB126B007F052D /* Drone.mtl */,
				F41148082BAB126B007F052D /* Drone.obj */,
			);
			path = Drone;
			sourceTree = "<group>";
		};
		F41148102BAB180D007F052D /* Library */ = {
			isa = PBXGroup;
			children = (
				F41148112BAB1821007F052D /* FunctionLibrary.swift */,
				F41148192BAB1B52007F052D /* PipelineStateLibrary.swift */,
			);
			path = Library;
			sourceTree = "<group>";
		};
		F4534A632BA8778800505014 /* RTSTests */ = {
			isa = PBXGroup;
			children = (
				F4534A642BA8778800505014 /* RTSTests.swift */,
			);
			path = RTSTests;
			sourceTree = "<group>";
		};
		F4534A7D2BA8950900505014 /* Matrix */ = {
			isa = PBXGroup;
			children = (
				F4534A752BA893F900505014 /* Matrix.swift */,
				F4534A792BA8950400505014 /* MatrixCalc.swift */,
			);
			path = Matrix;
			sourceTree = "<group>";
		};
		F4534A7E2BA8951500505014 /* Math */ = {
			isa = PBXGroup;
			children = (
				F4EF7AEA2B9B950600A70A56 /* Vector */,
				F4534A7D2BA8950900505014 /* Matrix */,
			);
			path = Math;
			sourceTree = "<group>";
		};
		F4534A8A2BA9967700505014 /* Shading */ = {
			isa = PBXGroup;
			children = (
				F47CC0F82B97415C00125D78 /* RTSRenderer.swift */,
				F4534A862BA9965600505014 /* Map Sample.swift */,
			);
			path = Shading;
			sourceTree = "<group>";
		};
		F4534A922BA9C77B00505014 /* Classes */ = {
			isa = PBXGroup;
			children = (
				F41148212BAB1F40007F052D /* Drawable.swift */,
				F4534A912BA9C77B00505014 /* Object.swift */,
				F4534AB02BA9FF3900505014 /* Camera.swift */,
			);
			path = Classes;
			sourceTree = "<group>";
		};
		F4534A932BA9C77B00505014 /* Render Engine */ = {
			isa = PBXGroup;
			children = (
				F41148102BAB180D007F052D /* Library */,
				F462F7642BA85D6300AA21DE /* Vertex Helpers */,
				F4534A922BA9C77B00505014 /* Classes */,
				F41148152BAB18D4007F052D /* Engine.swift */,
				F411481D2BAB1CC9007F052D /* EngineSettings.swift */,
			);
			path = "Render Engine";
			sourceTree = "<group>";
		};
		F462F7642BA85D6300AA21DE /* Vertex Helpers */ = {
			isa = PBXGroup;
			children = (
				F41F82E22B9C627B006974CE /* Vertex.swift */,
				F41148252BAB22DD007F052D /* GPUEncodable.swift */,
				F45280742BA457D200BF6D92 /* Quad.swift */,
				F4534AAC2BA9FC5300505014 /* Transformation.swift */,
			);
			path = "Vertex Helpers";
			sourceTree = "<group>";
		};
		F47CC0F12B97415C00125D78 = {
			isa = PBXGroup;
			children = (
				F47CC0F62B97415C00125D78 /* RTS Shared */,
				F47CC1012B97415E00125D78 /* RTS iOS */,
				F47CC1112B97415E00125D78 /* RTS tvOS */,
				F47CC1212B97415E00125D78 /* RTS macOS */,
				F4534A632BA8778800505014 /* RTSTests */,
				F47CC1002B97415E00125D78 /* Products */,
				2715C2A72BA8986100AAC167 /* Recovered References */,
			);
			sourceTree = "<group>";
		};
		F47CC0F62B97415C00125D78 /* RTS Shared */ = {
			isa = PBXGroup;
			children = (
				F4EF7ADE2B9B950600A70A56 /* Delegates */,
				F4EF7AE12B9B950600A70A56 /* Game Logic */,
				F4534A8A2BA9967700505014 /* Shading */,
				F4534A932BA9C77B00505014 /* Render Engine */,
				F47CC0F92B97415C00125D78 /* ShaderTypes.h */,
				F47CC0F72B97415C00125D78 /* Shaders.metal */,
				F47CC0FA2B97415E00125D78 /* Assets.xcassets */,
				F41148092BAB126B007F052D /* Drone */,
			);
			path = "RTS Shared";
			sourceTree = "<group>";
		};
		F47CC1002B97415E00125D78 /* Products */ = {
			isa = PBXGroup;
			children = (
				F47CC0FF2B97415E00125D78 /* RTS.app */,
				F47CC1102B97415E00125D78 /* RTS.app */,
				F47CC1202B97415E00125D78 /* RTS.app */,
				F4534A622BA8778800505014 /* RTSTests.xctest */,
				27A2D8F52BA8791800F215AA /* RTSTests.xctest */,
			);
			name = Products;
			sourceTree = "<group>";
		};
		F47CC1012B97415E00125D78 /* RTS iOS */ = {
			isa = PBXGroup;
			children = (
				F47CC1022B97415E00125D78 /* AppDelegate.swift */,
				F47CC1042B97415E00125D78 /* GameViewController.swift */,
				F47CC1062B97415E00125D78 /* Main.storyboard */,
				F47CC1092B97415E00125D78 /* LaunchScreen.storyboard */,
			);
			path = "RTS iOS";
			sourceTree = "<group>";
		};
		F47CC1112B97415E00125D78 /* RTS tvOS */ = {
			isa = PBXGroup;
			children = (
				F47CC1122B97415E00125D78 /* AppDelegate.swift */,
				F47CC1142B97415E00125D78 /* GameViewController.swift */,
				F47CC1162B97415E00125D78 /* Main.storyboard */,
				F47CC1192B97415E00125D78 /* LaunchScreen.storyboard */,
			);
			path = "RTS tvOS";
			sourceTree = "<group>";
		};
		F47CC1212B97415E00125D78 /* RTS macOS */ = {
			isa = PBXGroup;
			children = (
				F47CC1222B97415E00125D78 /* AppDelegate.swift */,
				F47CC1242B97415E00125D78 /* GameViewController.swift */,
				F47CC1262B97415E00125D78 /* Main.storyboard */,
				F47CC1292B97415E00125D78 /* RTS_macOS.entitlements */,
			);
			path = "RTS macOS";
			sourceTree = "<group>";
		};
		F4EF7ADE2B9B950600A70A56 /* Delegates */ = {
			isa = PBXGroup;
			children = (
				F4EF7ADF2B9B950600A70A56 /* RTSGameDelegate.swift */,
				F4EF7AE02B9B950600A70A56 /* RTSCommunicationDelegate.swift */,
			);
			path = Delegates;
			sourceTree = "<group>";
		};
		F4EF7AE12B9B950600A70A56 /* Game Logic */ = {
			isa = PBXGroup;
			children = (
				F4EF7AE22B9B950600A70A56 /* Classes */,
				F4EF7AF12B9B950600A70A56 /* Helpers */,
			);
			path = "Game Logic";
			sourceTree = "<group>";
		};
		F4EF7AE22B9B950600A70A56 /* Classes */ = {
			isa = PBXGroup;
			children = (
				F4EF7AF02B9B950600A70A56 /* Player.swift */,
				2715C2AA2BA898ED00AAC167 /* RTSMaps */,
				F4EF7AE42B9B950600A70A56 /* RTSGameAction */,
				F4EF7AE32B9B950600A70A56 /* RTSGame.swift */,
				F4EF7AE92B9B950600A70A56 /* RTSGameSettings.swift */,
			);
			path = Classes;
			sourceTree = "<group>";
		};
		F4EF7AE42B9B950600A70A56 /* RTSGameAction */ = {
			isa = PBXGroup;
			children = (
				F4EF7AE52B9B950600A70A56 /* RTSPlayerMoveAction.swift */,
				F4EF7AE62B9B950600A70A56 /* RTSGameAction.swift */,
				F4EF7AE72B9B950600A70A56 /* RTSData.swift */,
			);
			path = RTSGameAction;
			sourceTree = "<group>";
		};
		F4EF7AEA2B9B950600A70A56 /* Vector */ = {
			isa = PBXGroup;
			children = (
				F4EF7AEB2B9B950600A70A56 /* VectorCalc.swift */,
				F4EF7AEC2B9B950600A70A56 /* Vector2.swift */,
				F4EF7AED2B9B950600A70A56 /* Vector4.swift */,
				F4EF7AEE2B9B950600A70A56 /* Vector3.swift */,
			);
			path = Vector;
			sourceTree = "<group>";
		};
		F4EF7AF12B9B950600A70A56 /* Helpers */ = {
			isa = PBXGroup;
			children = (
				F4534A7E2BA8951500505014 /* Math */,
				F4EF7AF22B9B950600A70A56 /* Byteable.swift */,
			);
			path = Helpers;
			sourceTree = "<group>";
		};
/* End PBXGroup section */

/* Begin PBXNativeTarget section */
		27A2D8F42BA8791800F215AA /* RTSTests */ = {
			isa = PBXNativeTarget;
			buildConfigurationList = 2715C2AB2BA898ED00AAC167 /* Build configuration list for PBXNativeTarget "RTSTests" */;
			buildPhases = (
				27A2D8F12BA8791800F215AA /* Sources */,
			);
			buildRules = (
			);
			dependencies = (
			);
			name = RTSTests;
			productName = RTSTests;
			productReference = 27A2D8F52BA8791800F215AA /* RTSTests.xctest */;
			productType = "com.apple.product-type.bundle.unit-test";
		};
		F4534A612BA8778800505014 /* RTSTests */ = {
			isa = PBXNativeTarget;
			buildConfigurationList = F4534A6A2BA8778800505014 /* Build configuration list for PBXNativeTarget "RTSTests" */;
			buildPhases = (
				F4534A5E2BA8778800505014 /* Sources */,
				F4534A5F2BA8778800505014 /* Frameworks */,
				F4534A602BA8778800505014 /* Resources */,
			);
			buildRules = (
			);
			dependencies = (
				F4534A672BA8778800505014 /* PBXTargetDependency */,
			);
			name = RTSTests;
			productName = RTSTests;
			productReference = F4534A622BA8778800505014 /* RTSTests.xctest */;
			productType = "com.apple.product-type.bundle.unit-test";
		};
		F47CC0FE2B97415E00125D78 /* RTS iOS */ = {
			isa = PBXNativeTarget;
			buildConfigurationList = F47CC1382B97415E00125D78 /* Build configuration list for PBXNativeTarget "RTS iOS" */;
			buildPhases = (
				F47CC0FB2B97415E00125D78 /* Sources */,
				F47CC0FC2B97415E00125D78 /* Frameworks */,
				F47CC0FD2B97415E00125D78 /* Resources */,
			);
			buildRules = (
			);
			dependencies = (
			);
			name = "RTS iOS";
			productName = "RTS iOS";
			productReference = F47CC0FF2B97415E00125D78 /* RTS.app */;
			productType = "com.apple.product-type.application";
		};
		F47CC10F2B97415E00125D78 /* RTS tvOS */ = {
			isa = PBXNativeTarget;
			buildConfigurationList = F47CC13B2B97415E00125D78 /* Build configuration list for PBXNativeTarget "RTS tvOS" */;
			buildPhases = (
				F47CC10C2B97415E00125D78 /* Sources */,
				F47CC10D2B97415E00125D78 /* Frameworks */,
				F47CC10E2B97415E00125D78 /* Resources */,
			);
			buildRules = (
			);
			dependencies = (
			);
			name = "RTS tvOS";
			productName = "RTS tvOS";
			productReference = F47CC1102B97415E00125D78 /* RTS.app */;
			productType = "com.apple.product-type.application";
		};
		F47CC11F2B97415E00125D78 /* RTS macOS */ = {
			isa = PBXNativeTarget;
			buildConfigurationList = F47CC13E2B97415E00125D78 /* Build configuration list for PBXNativeTarget "RTS macOS" */;
			buildPhases = (
				F47CC11C2B97415E00125D78 /* Sources */,
				F47CC11D2B97415E00125D78 /* Frameworks */,
				F47CC11E2B97415E00125D78 /* Resources */,
			);
			buildRules = (
			);
			dependencies = (
			);
			name = "RTS macOS";
			productName = "RTS macOS";
			productReference = F47CC1202B97415E00125D78 /* RTS.app */;
			productType = "com.apple.product-type.application";
		};
/* End PBXNativeTarget section */

/* Begin PBXProject section */
		F47CC0F22B97415C00125D78 /* Project object */ = {
			isa = PBXProject;
			attributes = {
				BuildIndependentTargetsInParallel = 1;
				LastSwiftUpdateCheck = 1530;
				LastUpgradeCheck = 1530;
				TargetAttributes = {
					27A2D8F42BA8791800F215AA = {
						CreatedOnToolsVersion = 15.3;
						TestTargetID = F47CC11F2B97415E00125D78;
					};
					F4534A612BA8778800505014 = {
						CreatedOnToolsVersion = 15.3;
						TestTargetID = F47CC11F2B97415E00125D78;
					};
					F47CC0FE2B97415E00125D78 = {
						CreatedOnToolsVersion = 15.2;
					};
					F47CC10F2B97415E00125D78 = {
						CreatedOnToolsVersion = 15.2;
					};
					F47CC11F2B97415E00125D78 = {
						CreatedOnToolsVersion = 15.2;
					};
				};
			};
			buildConfigurationList = F47CC0F52B97415C00125D78 /* Build configuration list for PBXProject "RTS" */;
			compatibilityVersion = "Xcode 14.0";
			developmentRegion = en;
			hasScannedForEncodings = 0;
			knownRegions = (
				en,
				Base,
			);
			mainGroup = F47CC0F12B97415C00125D78;
			productRefGroup = F47CC1002B97415E00125D78 /* Products */;
			projectDirPath = "";
			projectRoot = "";
			targets = (
				F47CC0FE2B97415E00125D78 /* RTS iOS */,
				F47CC10F2B97415E00125D78 /* RTS tvOS */,
				F47CC11F2B97415E00125D78 /* RTS macOS */,
				F4534A612BA8778800505014 /* RTSTests */,
				27A2D8F42BA8791800F215AA /* RTSTests */,
			);
		};
/* End PBXProject section */

/* Begin PBXResourcesBuildPhase section */
		F4534A602BA8778800505014 /* Resources */ = {
			isa = PBXResourcesBuildPhase;
			buildActionMask = 2147483647;
			files = (
			);
			runOnlyForDeploymentPostprocessing = 0;
		};
		F47CC0FD2B97415E00125D78 /* Resources */ = {
			isa = PBXResourcesBuildPhase;
			buildActionMask = 2147483647;
			files = (
				F47CC1302B97415E00125D78 /* ShaderTypes.h in Resources */,
				F47CC1082B97415E00125D78 /* Main.storyboard in Resources */,
				F411480D2BAB126B007F052D /* Drone.obj in Resources */,
				F411480A2BAB126B007F052D /* Drone.mtl in Resources */,
				F47CC1332B97415E00125D78 /* Assets.xcassets in Resources */,
				F47CC10B2B97415E00125D78 /* LaunchScreen.storyboard in Resources */,
			);
			runOnlyForDeploymentPostprocessing = 0;
		};
		F47CC10E2B97415E00125D78 /* Resources */ = {
			isa = PBXResourcesBuildPhase;
			buildActionMask = 2147483647;
			files = (
				F47CC1312B97415E00125D78 /* ShaderTypes.h in Resources */,
				F47CC1182B97415E00125D78 /* Main.storyboard in Resources */,
				F411480E2BAB126B007F052D /* Drone.obj in Resources */,
				F411480B2BAB126B007F052D /* Drone.mtl in Resources */,
				F47CC1342B97415E00125D78 /* Assets.xcassets in Resources */,
				F47CC11B2B97415E00125D78 /* LaunchScreen.storyboard in Resources */,
			);
			runOnlyForDeploymentPostprocessing = 0;
		};
		F47CC11E2B97415E00125D78 /* Resources */ = {
			isa = PBXResourcesBuildPhase;
			buildActionMask = 2147483647;
			files = (
				F411480C2BAB126B007F052D /* Drone.mtl in Resources */,
				F47CC1282B97415E00125D78 /* Main.storyboard in Resources */,
				F411480F2BAB126B007F052D /* Drone.obj in Resources */,
				F47CC1352B97415E00125D78 /* Assets.xcassets in Resources */,
				F47CC1322B97415E00125D78 /* ShaderTypes.h in Resources */,
			);
			runOnlyForDeploymentPostprocessing = 0;
		};
/* End PBXResourcesBuildPhase section */

/* Begin PBXSourcesBuildPhase section */
		27A2D8F12BA8791800F215AA /* Sources */ = {
			isa = PBXSourcesBuildPhase;
			buildActionMask = 2147483647;
			files = (
				27A2D8F82BA8791800F215AA /* RTSTests.swift in Sources */,
			);
			runOnlyForDeploymentPostprocessing = 0;
		};
		F4534A5E2BA8778800505014 /* Sources */ = {
			isa = PBXSourcesBuildPhase;
			buildActionMask = 2147483647;
			files = (
				F4534A652BA8778800505014 /* RTSTests.swift in Sources */,
			);
			runOnlyForDeploymentPostprocessing = 0;
		};
		F47CC0FB2B97415E00125D78 /* Sources */ = {
			isa = PBXSourcesBuildPhase;
			buildActionMask = 2147483647;
			files = (
				F4EF7B082B9B950600A70A56 /* RTSGameSettings.swift in Sources */,
				F411481A2BAB1B52007F052D /* PipelineStateLibrary.swift in Sources */,
				F47CC12D2B97415E00125D78 /* RTSRenderer.swift in Sources */,
				F4EF7AF62B9B950600A70A56 /* RTSCommunicationDelegate.swift in Sources */,
				F4534A872BA9965600505014 /* Map Sample.swift in Sources */,
				F47CC12A2B97415E00125D78 /* Shaders.metal in Sources */,
				F41F82E32B9C627B006974CE /* Vertex.swift in Sources */,
				F4EF7AF32B9B950600A70A56 /* RTSGameDelegate.swift in Sources */,
				F47CC1052B97415E00125D78 /* GameViewController.swift in Sources */,
				F411481E2BAB1CC9007F052D /* EngineSettings.swift in Sources */,
				F4534AAD2BA9FC5300505014 /* Transformation.swift in Sources */,
				F4EF7AF92B9B950600A70A56 /* RTSGame.swift in Sources */,
				F4EF7B1A2B9B950600A70A56 /* Byteable.swift in Sources */,
				F41148222BAB1F40007F052D /* Drawable.swift in Sources */,
				F4534A942BA9C77B00505014 /* Object.swift in Sources */,
				F47CC1032B97415E00125D78 /* AppDelegate.swift in Sources */,
				F41148262BAB22DD007F052D /* GPUEncodable.swift in Sources */,
				F4EF7B0B2B9B950600A70A56 /* VectorCalc.swift in Sources */,
				F4534A7A2BA8950400505014 /* MatrixCalc.swift in Sources */,
				F41148122BAB1821007F052D /* FunctionLibrary.swift in Sources */,
				F41148162BAB18D4007F052D /* Engine.swift in Sources */,
				F4EF7B0E2B9B950600A70A56 /* Vector2.swift in Sources */,
				F45280752BA457D200BF6D92 /* Quad.swift in Sources */,
				F4EF7AFC2B9B950600A70A56 /* RTSPlayerMoveAction.swift in Sources */,
				F4534A762BA893F900505014 /* Matrix.swift in Sources */,
				27A2D8BA2BA85DA900F215AA /* RTSMap_types.swift in Sources */,
				F4534AB12BA9FF3900505014 /* Camera.swift in Sources */,
				F4EF7AFF2B9B950600A70A56 /* RTSGameAction.swift in Sources */,
				F4EF7B052B9B950600A70A56 /* RTSMap.swift in Sources */,
				F4EF7B112B9B950600A70A56 /* Vector4.swift in Sources */,
				F4EF7B142B9B950600A70A56 /* Vector3.swift in Sources */,
				2715C2AD2BA8992C00AAC167 /* RTSHeightMap.swift in Sources */,
				F4EF7B172B9B950600A70A56 /* Player.swift in Sources */,
				F4EF7B022B9B950600A70A56 /* RTSData.swift in Sources */,
			);
			runOnlyForDeploymentPostprocessing = 0;
		};
		F47CC10C2B97415E00125D78 /* Sources */ = {
			isa = PBXSourcesBuildPhase;
			buildActionMask = 2147483647;
			files = (
				F4EF7B092B9B950600A70A56 /* RTSGameSettings.swift in Sources */,
				F411481B2BAB1B52007F052D /* PipelineStateLibrary.swift in Sources */,
				F47CC12E2B97415E00125D78 /* RTSRenderer.swift in Sources */,
				F4EF7AF72B9B950600A70A56 /* RTSCommunicationDelegate.swift in Sources */,
				F4534A882BA9965600505014 /* Map Sample.swift in Sources */,
				F47CC12B2B97415E00125D78 /* Shaders.metal in Sources */,
				F41F82E42B9C627B006974CE /* Vertex.swift in Sources */,
				F4EF7AF42B9B950600A70A56 /* RTSGameDelegate.swift in Sources */,
				F47CC1152B97415E00125D78 /* GameViewController.swift in Sources */,
				F411481F2BAB1CC9007F052D /* EngineSettings.swift in Sources */,
				F4534AAE2BA9FC5300505014 /* Transformation.swift in Sources */,
				F4EF7AFA2B9B950600A70A56 /* RTSGame.swift in Sources */,
				F4EF7B1B2B9B950600A70A56 /* Byteable.swift in Sources */,
				F41148232BAB1F40007F052D /* Drawable.swift in Sources */,
				F4534A952BA9C77B00505014 /* Object.swift in Sources */,
				F47CC1132B97415E00125D78 /* AppDelegate.swift in Sources */,
				F41148272BAB22DD007F052D /* GPUEncodable.swift in Sources */,
				F4EF7B0C2B9B950600A70A56 /* VectorCalc.swift in Sources */,
				F4534A7B2BA8950400505014 /* MatrixCalc.swift in Sources */,
				F41148132BAB1821007F052D /* FunctionLibrary.swift in Sources */,
				F41148172BAB18D4007F052D /* Engine.swift in Sources */,
				F4EF7B0F2B9B950600A70A56 /* Vector2.swift in Sources */,
				F45280762BA457D200BF6D92 /* Quad.swift in Sources */,
				F4EF7AFD2B9B950600A70A56 /* RTSPlayerMoveAction.swift in Sources */,
				F4534A772BA893F900505014 /* Matrix.swift in Sources */,
				27A2D8BB2BA85DA900F215AA /* RTSMap_types.swift in Sources */,
				F4534AB22BA9FF3900505014 /* Camera.swift in Sources */,
				F4EF7B002B9B950600A70A56 /* RTSGameAction.swift in Sources */,
				F4EF7B062B9B950600A70A56 /* RTSMap.swift in Sources */,
				F4EF7B122B9B950600A70A56 /* Vector4.swift in Sources */,
				F4EF7B152B9B950600A70A56 /* Vector3.swift in Sources */,
				2715C2AE2BA8992C00AAC167 /* RTSHeightMap.swift in Sources */,
				F4EF7B182B9B950600A70A56 /* Player.swift in Sources */,
				F4EF7B032B9B950600A70A56 /* RTSData.swift in Sources */,
			);
			runOnlyForDeploymentPostprocessing = 0;
		};
		F47CC11C2B97415E00125D78 /* Sources */ = {
			isa = PBXSourcesBuildPhase;
			buildActionMask = 2147483647;
			files = (
				F4EF7B0A2B9B950600A70A56 /* RTSGameSettings.swift in Sources */,
				F411481C2BAB1B52007F052D /* PipelineStateLibrary.swift in Sources */,
				F47CC12F2B97415E00125D78 /* RTSRenderer.swift in Sources */,
				F4EF7AF82B9B950600A70A56 /* RTSCommunicationDelegate.swift in Sources */,
				F4534A892BA9965600505014 /* Map Sample.swift in Sources */,
				F47CC12C2B97415E00125D78 /* Shaders.metal in Sources */,
				F41F82E52B9C627B006974CE /* Vertex.swift in Sources */,
				F4EF7AF52B9B950600A70A56 /* RTSGameDelegate.swift in Sources */,
				F47CC1252B97415E00125D78 /* GameViewController.swift in Sources */,
				F41148202BAB1CC9007F052D /* EngineSettings.swift in Sources */,
				F4534AAF2BA9FC5300505014 /* Transformation.swift in Sources */,
				F4EF7AFB2B9B950600A70A56 /* RTSGame.swift in Sources */,
				F4EF7B1C2B9B950600A70A56 /* Byteable.swift in Sources */,
				F41148242BAB1F40007F052D /* Drawable.swift in Sources */,
				F4534A962BA9C77B00505014 /* Object.swift in Sources */,
				F47CC1232B97415E00125D78 /* AppDelegate.swift in Sources */,
				F41148282BAB22DD007F052D /* GPUEncodable.swift in Sources */,
				F4EF7B0D2B9B950600A70A56 /* VectorCalc.swift in Sources */,
				F4534A7C2BA8950400505014 /* MatrixCalc.swift in Sources */,
				F41148142BAB1821007F052D /* FunctionLibrary.swift in Sources */,
				F41148182BAB18D4007F052D /* Engine.swift in Sources */,
				F4EF7B102B9B950600A70A56 /* Vector2.swift in Sources */,
				F45280772BA457D200BF6D92 /* Quad.swift in Sources */,
				F4EF7AFE2B9B950600A70A56 /* RTSPlayerMoveAction.swift in Sources */,
				F4534A782BA893F900505014 /* Matrix.swift in Sources */,
				27A2D8BC2BA85DA900F215AA /* RTSMap_types.swift in Sources */,
				F4534AB32BA9FF3900505014 /* Camera.swift in Sources */,
				F4EF7B012B9B950600A70A56 /* RTSGameAction.swift in Sources */,
				F4EF7B072B9B950600A70A56 /* RTSMap.swift in Sources */,
				F4EF7B132B9B950600A70A56 /* Vector4.swift in Sources */,
				F4EF7B162B9B950600A70A56 /* Vector3.swift in Sources */,
				2715C2AF2BA8992C00AAC167 /* RTSHeightMap.swift in Sources */,
				F4EF7B192B9B950600A70A56 /* Player.swift in Sources */,
				F4EF7B042B9B950600A70A56 /* RTSData.swift in Sources */,
			);
			runOnlyForDeploymentPostprocessing = 0;
		};
/* End PBXSourcesBuildPhase section */

/* Begin PBXTargetDependency section */
		F4534A672BA8778800505014 /* PBXTargetDependency */ = {
			isa = PBXTargetDependency;
			target = F47CC11F2B97415E00125D78 /* RTS macOS */;
			targetProxy = F4534A662BA8778800505014 /* PBXContainerItemProxy */;
		};
/* End PBXTargetDependency section */

/* Begin PBXVariantGroup section */
		F47CC1062B97415E00125D78 /* Main.storyboard */ = {
			isa = PBXVariantGroup;
			children = (
				F47CC1072B97415E00125D78 /* Base */,
			);
			name = Main.storyboard;
			sourceTree = "<group>";
		};
		F47CC1092B97415E00125D78 /* LaunchScreen.storyboard */ = {
			isa = PBXVariantGroup;
			children = (
				F47CC10A2B97415E00125D78 /* Base */,
			);
			name = LaunchScreen.storyboard;
			sourceTree = "<group>";
		};
		F47CC1162B97415E00125D78 /* Main.storyboard */ = {
			isa = PBXVariantGroup;
			children = (
				F47CC1172B97415E00125D78 /* Base */,
			);
			name = Main.storyboard;
			sourceTree = "<group>";
		};
		F47CC1192B97415E00125D78 /* LaunchScreen.storyboard */ = {
			isa = PBXVariantGroup;
			children = (
				F47CC11A2B97415E00125D78 /* Base */,
			);
			name = LaunchScreen.storyboard;
			sourceTree = "<group>";
		};
		F47CC1262B97415E00125D78 /* Main.storyboard */ = {
			isa = PBXVariantGroup;
			children = (
				F47CC1272B97415E00125D78 /* Base */,
			);
			name = Main.storyboard;
			sourceTree = "<group>";
		};
/* End PBXVariantGroup section */

/* Begin XCBuildConfiguration section */
		2715C2A82BA8986200AAC167 /* Debug */ = {
			isa = XCBuildConfiguration;
			buildSettings = {
				COPY_PHASE_STRIP = NO;
				DEAD_CODE_STRIPPING = YES;
				GCC_DYNAMIC_NO_PIC = NO;
				GCC_OPTIMIZATION_LEVEL = 0;
				PRODUCT_NAME = RTSTests;
			};
			name = Debug;
		};
		2715C2A92BA8986200AAC167 /* Release */ = {
			isa = XCBuildConfiguration;
			buildSettings = {
				COPY_PHASE_STRIP = YES;
				DEAD_CODE_STRIPPING = YES;
				DEBUG_INFORMATION_FORMAT = "dwarf-with-dsym";
				PRODUCT_NAME = RTSTests;
			};
			name = Release;
		};
		F4534A682BA8778800505014 /* Debug */ = {
			isa = XCBuildConfiguration;
			buildSettings = {
				BUNDLE_LOADER = "$(TEST_HOST)";
				CODE_SIGN_STYLE = Automatic;
				CURRENT_PROJECT_VERSION = 1;
				DEAD_CODE_STRIPPING = YES;
				DEVELOPMENT_TEAM = 9LSWDAPCZ6;
				GENERATE_INFOPLIST_FILE = YES;
				IPHONEOS_DEPLOYMENT_TARGET = 17.4;
				MACOSX_DEPLOYMENT_TARGET = 14.1;
				MARKETING_VERSION = 1.0;
				PRODUCT_BUNDLE_IDENTIFIER = TBBT.RTSTests;
				PRODUCT_NAME = "$(TARGET_NAME)";
				SDKROOT = auto;
				SUPPORTED_PLATFORMS = "iphoneos iphonesimulator macosx";
				SWIFT_EMIT_LOC_STRINGS = NO;
				SWIFT_VERSION = 5.0;
				TARGETED_DEVICE_FAMILY = "1,2";
				TEST_HOST = "$(BUILT_PRODUCTS_DIR)/RTS.app/$(BUNDLE_EXECUTABLE_FOLDER_PATH)/RTS";
			};
			name = Debug;
		};
		F4534A692BA8778800505014 /* Release */ = {
			isa = XCBuildConfiguration;
			buildSettings = {
				BUNDLE_LOADER = "$(TEST_HOST)";
				CODE_SIGN_STYLE = Automatic;
				CURRENT_PROJECT_VERSION = 1;
				DEAD_CODE_STRIPPING = YES;
				DEVELOPMENT_TEAM = 9LSWDAPCZ6;
				GENERATE_INFOPLIST_FILE = YES;
				IPHONEOS_DEPLOYMENT_TARGET = 17.4;
				MACOSX_DEPLOYMENT_TARGET = 14.1;
				MARKETING_VERSION = 1.0;
				PRODUCT_BUNDLE_IDENTIFIER = TBBT.RTSTests;
				PRODUCT_NAME = "$(TARGET_NAME)";
				SDKROOT = auto;
				SUPPORTED_PLATFORMS = "iphoneos iphonesimulator macosx";
				SWIFT_EMIT_LOC_STRINGS = NO;
				SWIFT_VERSION = 5.0;
				TARGETED_DEVICE_FAMILY = "1,2";
				TEST_HOST = "$(BUILT_PRODUCTS_DIR)/RTS.app/$(BUNDLE_EXECUTABLE_FOLDER_PATH)/RTS";
			};
			name = Release;
		};
		F47CC1362B97415E00125D78 /* Debug */ = {
			isa = XCBuildConfiguration;
			buildSettings = {
				ALWAYS_SEARCH_USER_PATHS = NO;
				ASSETCATALOG_COMPILER_GENERATE_SWIFT_ASSET_SYMBOL_EXTENSIONS = YES;
				CLANG_ANALYZER_NONNULL = YES;
				CLANG_ANALYZER_NUMBER_OBJECT_CONVERSION = YES_AGGRESSIVE;
				CLANG_CXX_LANGUAGE_STANDARD = "gnu++20";
				CLANG_ENABLE_MODULES = YES;
				CLANG_ENABLE_OBJC_ARC = YES;
				CLANG_ENABLE_OBJC_WEAK = YES;
				CLANG_WARN_BLOCK_CAPTURE_AUTORELEASING = YES;
				CLANG_WARN_BOOL_CONVERSION = YES;
				CLANG_WARN_COMMA = YES;
				CLANG_WARN_CONSTANT_CONVERSION = YES;
				CLANG_WARN_DEPRECATED_OBJC_IMPLEMENTATIONS = YES;
				CLANG_WARN_DIRECT_OBJC_ISA_USAGE = YES_ERROR;
				CLANG_WARN_DOCUMENTATION_COMMENTS = YES;
				CLANG_WARN_EMPTY_BODY = YES;
				CLANG_WARN_ENUM_CONVERSION = YES;
				CLANG_WARN_INFINITE_RECURSION = YES;
				CLANG_WARN_INT_CONVERSION = YES;
				CLANG_WARN_NON_LITERAL_NULL_CONVERSION = YES;
				CLANG_WARN_OBJC_IMPLICIT_RETAIN_SELF = YES;
				CLANG_WARN_OBJC_LITERAL_CONVERSION = YES;
				CLANG_WARN_OBJC_ROOT_CLASS = YES_ERROR;
				CLANG_WARN_QUOTED_INCLUDE_IN_FRAMEWORK_HEADER = YES;
				CLANG_WARN_RANGE_LOOP_ANALYSIS = YES;
				CLANG_WARN_STRICT_PROTOTYPES = YES;
				CLANG_WARN_SUSPICIOUS_MOVE = YES;
				CLANG_WARN_UNGUARDED_AVAILABILITY = YES_AGGRESSIVE;
				CLANG_WARN_UNREACHABLE_CODE = YES;
				CLANG_WARN__DUPLICATE_METHOD_MATCH = YES;
				COPY_PHASE_STRIP = NO;
				DEAD_CODE_STRIPPING = YES;
				DEBUG_INFORMATION_FORMAT = dwarf;
				ENABLE_STRICT_OBJC_MSGSEND = YES;
				ENABLE_TESTABILITY = YES;
				ENABLE_USER_SCRIPT_SANDBOXING = YES;
				GCC_C_LANGUAGE_STANDARD = gnu17;
				GCC_DYNAMIC_NO_PIC = NO;
				GCC_NO_COMMON_BLOCKS = YES;
				GCC_OPTIMIZATION_LEVEL = 0;
				GCC_PREPROCESSOR_DEFINITIONS = (
					"DEBUG=1",
					"$(inherited)",
				);
				GCC_WARN_64_TO_32_BIT_CONVERSION = YES;
				GCC_WARN_ABOUT_RETURN_TYPE = YES_ERROR;
				GCC_WARN_UNDECLARED_SELECTOR = YES;
				GCC_WARN_UNINITIALIZED_AUTOS = YES_AGGRESSIVE;
				GCC_WARN_UNUSED_FUNCTION = YES;
				GCC_WARN_UNUSED_VARIABLE = YES;
				LOCALIZATION_PREFERS_STRING_CATALOGS = YES;
				MTL_ENABLE_DEBUG_INFO = INCLUDE_SOURCE;
				MTL_FAST_MATH = YES;
				ONLY_ACTIVE_ARCH = YES;
				SWIFT_ACTIVE_COMPILATION_CONDITIONS = "DEBUG $(inherited)";
				SWIFT_OPTIMIZATION_LEVEL = "-Onone";
			};
			name = Debug;
		};
		F47CC1372B97415E00125D78 /* Release */ = {
			isa = XCBuildConfiguration;
			buildSettings = {
				ALWAYS_SEARCH_USER_PATHS = NO;
				ASSETCATALOG_COMPILER_GENERATE_SWIFT_ASSET_SYMBOL_EXTENSIONS = YES;
				CLANG_ANALYZER_NONNULL = YES;
				CLANG_ANALYZER_NUMBER_OBJECT_CONVERSION = YES_AGGRESSIVE;
				CLANG_CXX_LANGUAGE_STANDARD = "gnu++20";
				CLANG_ENABLE_MODULES = YES;
				CLANG_ENABLE_OBJC_ARC = YES;
				CLANG_ENABLE_OBJC_WEAK = YES;
				CLANG_WARN_BLOCK_CAPTURE_AUTORELEASING = YES;
				CLANG_WARN_BOOL_CONVERSION = YES;
				CLANG_WARN_COMMA = YES;
				CLANG_WARN_CONSTANT_CONVERSION = YES;
				CLANG_WARN_DEPRECATED_OBJC_IMPLEMENTATIONS = YES;
				CLANG_WARN_DIRECT_OBJC_ISA_USAGE = YES_ERROR;
				CLANG_WARN_DOCUMENTATION_COMMENTS = YES;
				CLANG_WARN_EMPTY_BODY = YES;
				CLANG_WARN_ENUM_CONVERSION = YES;
				CLANG_WARN_INFINITE_RECURSION = YES;
				CLANG_WARN_INT_CONVERSION = YES;
				CLANG_WARN_NON_LITERAL_NULL_CONVERSION = YES;
				CLANG_WARN_OBJC_IMPLICIT_RETAIN_SELF = YES;
				CLANG_WARN_OBJC_LITERAL_CONVERSION = YES;
				CLANG_WARN_OBJC_ROOT_CLASS = YES_ERROR;
				CLANG_WARN_QUOTED_INCLUDE_IN_FRAMEWORK_HEADER = YES;
				CLANG_WARN_RANGE_LOOP_ANALYSIS = YES;
				CLANG_WARN_STRICT_PROTOTYPES = YES;
				CLANG_WARN_SUSPICIOUS_MOVE = YES;
				CLANG_WARN_UNGUARDED_AVAILABILITY = YES_AGGRESSIVE;
				CLANG_WARN_UNREACHABLE_CODE = YES;
				CLANG_WARN__DUPLICATE_METHOD_MATCH = YES;
				COPY_PHASE_STRIP = NO;
				DEAD_CODE_STRIPPING = YES;
				DEBUG_INFORMATION_FORMAT = "dwarf-with-dsym";
				ENABLE_NS_ASSERTIONS = NO;
				ENABLE_STRICT_OBJC_MSGSEND = YES;
				ENABLE_USER_SCRIPT_SANDBOXING = YES;
				GCC_C_LANGUAGE_STANDARD = gnu17;
				GCC_NO_COMMON_BLOCKS = YES;
				GCC_WARN_64_TO_32_BIT_CONVERSION = YES;
				GCC_WARN_ABOUT_RETURN_TYPE = YES_ERROR;
				GCC_WARN_UNDECLARED_SELECTOR = YES;
				GCC_WARN_UNINITIALIZED_AUTOS = YES_AGGRESSIVE;
				GCC_WARN_UNUSED_FUNCTION = YES;
				GCC_WARN_UNUSED_VARIABLE = YES;
				LOCALIZATION_PREFERS_STRING_CATALOGS = YES;
				MTL_ENABLE_DEBUG_INFO = NO;
				MTL_FAST_MATH = YES;
				SWIFT_COMPILATION_MODE = wholemodule;
			};
			name = Release;
		};
		F47CC1392B97415E00125D78 /* Debug */ = {
			isa = XCBuildConfiguration;
			buildSettings = {
				ASSETCATALOG_COMPILER_APPICON_NAME = AppIcon;
				ASSETCATALOG_COMPILER_GLOBAL_ACCENT_COLOR_NAME = AccentColor;
				CODE_SIGN_STYLE = Automatic;
				CURRENT_PROJECT_VERSION = 1;
				DEVELOPMENT_TEAM = X43FG24ML2;
				GENERATE_INFOPLIST_FILE = YES;
				INFOPLIST_KEY_UIApplicationSupportsIndirectInputEvents = YES;
				INFOPLIST_KEY_UILaunchStoryboardName = LaunchScreen;
				INFOPLIST_KEY_UIMainStoryboardFile = Main;
				INFOPLIST_KEY_UIStatusBarHidden = YES;
				INFOPLIST_KEY_UISupportedInterfaceOrientations_iPad = "UIInterfaceOrientationPortrait UIInterfaceOrientationPortraitUpsideDown UIInterfaceOrientationLandscapeLeft UIInterfaceOrientationLandscapeRight";
				INFOPLIST_KEY_UISupportedInterfaceOrientations_iPhone = "UIInterfaceOrientationPortrait UIInterfaceOrientationLandscapeLeft UIInterfaceOrientationLandscapeRight";
				IPHONEOS_DEPLOYMENT_TARGET = 17.2;
				LD_RUNPATH_SEARCH_PATHS = (
					"$(inherited)",
					"@executable_path/Frameworks",
				);
				MARKETING_VERSION = 1.0;
				PRODUCT_BUNDLE_IDENTIFIER = TBBT.RTS;
				PRODUCT_NAME = RTS;
				SDKROOT = iphoneos;
				SWIFT_EMIT_LOC_STRINGS = YES;
				SWIFT_OBJC_BRIDGING_HEADER = "RTS Shared/ShaderTypes.h";
				SWIFT_VERSION = 5.0;
				TARGETED_DEVICE_FAMILY = "1,2";
			};
			name = Debug;
		};
		F47CC13A2B97415E00125D78 /* Release */ = {
			isa = XCBuildConfiguration;
			buildSettings = {
				ASSETCATALOG_COMPILER_APPICON_NAME = AppIcon;
				ASSETCATALOG_COMPILER_GLOBAL_ACCENT_COLOR_NAME = AccentColor;
				CODE_SIGN_STYLE = Automatic;
				CURRENT_PROJECT_VERSION = 1;
				DEVELOPMENT_TEAM = X43FG24ML2;
				GENERATE_INFOPLIST_FILE = YES;
				INFOPLIST_KEY_UIApplicationSupportsIndirectInputEvents = YES;
				INFOPLIST_KEY_UILaunchStoryboardName = LaunchScreen;
				INFOPLIST_KEY_UIMainStoryboardFile = Main;
				INFOPLIST_KEY_UIStatusBarHidden = YES;
				INFOPLIST_KEY_UISupportedInterfaceOrientations_iPad = "UIInterfaceOrientationPortrait UIInterfaceOrientationPortraitUpsideDown UIInterfaceOrientationLandscapeLeft UIInterfaceOrientationLandscapeRight";
				INFOPLIST_KEY_UISupportedInterfaceOrientations_iPhone = "UIInterfaceOrientationPortrait UIInterfaceOrientationLandscapeLeft UIInterfaceOrientationLandscapeRight";
				IPHONEOS_DEPLOYMENT_TARGET = 17.2;
				LD_RUNPATH_SEARCH_PATHS = (
					"$(inherited)",
					"@executable_path/Frameworks",
				);
				MARKETING_VERSION = 1.0;
				PRODUCT_BUNDLE_IDENTIFIER = TBBT.RTS;
				PRODUCT_NAME = RTS;
				SDKROOT = iphoneos;
				SWIFT_EMIT_LOC_STRINGS = YES;
				SWIFT_OBJC_BRIDGING_HEADER = "RTS Shared/ShaderTypes.h";
				SWIFT_VERSION = 5.0;
				TARGETED_DEVICE_FAMILY = "1,2";
				VALIDATE_PRODUCT = YES;
			};
			name = Release;
		};
		F47CC13C2B97415E00125D78 /* Debug */ = {
			isa = XCBuildConfiguration;
			buildSettings = {
				ASSETCATALOG_COMPILER_APPICON_NAME = "tvOS App Icon & Top Shelf Image";
				ASSETCATALOG_COMPILER_GLOBAL_ACCENT_COLOR_NAME = AccentColor;
				CODE_SIGN_STYLE = Automatic;
				CURRENT_PROJECT_VERSION = 1;
				DEVELOPMENT_TEAM = 9LSWDAPCZ6;
				GENERATE_INFOPLIST_FILE = YES;
				INFOPLIST_KEY_UILaunchStoryboardName = LaunchScreen;
				INFOPLIST_KEY_UIMainStoryboardFile = Main;
				INFOPLIST_KEY_UIUserInterfaceStyle = Automatic;
				LD_RUNPATH_SEARCH_PATHS = (
					"$(inherited)",
					"@executable_path/Frameworks",
				);
				MARKETING_VERSION = 1.0;
				PRODUCT_BUNDLE_IDENTIFIER = TBBT.RTS;
				PRODUCT_NAME = RTS;
				SDKROOT = appletvos;
				SWIFT_EMIT_LOC_STRINGS = YES;
				SWIFT_OBJC_BRIDGING_HEADER = "RTS Shared/ShaderTypes.h";
				SWIFT_VERSION = 5.0;
				TARGETED_DEVICE_FAMILY = 3;
				TVOS_DEPLOYMENT_TARGET = 17.2;
			};
			name = Debug;
		};
		F47CC13D2B97415E00125D78 /* Release */ = {
			isa = XCBuildConfiguration;
			buildSettings = {
				ASSETCATALOG_COMPILER_APPICON_NAME = "tvOS App Icon & Top Shelf Image";
				ASSETCATALOG_COMPILER_GLOBAL_ACCENT_COLOR_NAME = AccentColor;
				CODE_SIGN_STYLE = Automatic;
				CURRENT_PROJECT_VERSION = 1;
				DEVELOPMENT_TEAM = 9LSWDAPCZ6;
				GENERATE_INFOPLIST_FILE = YES;
				INFOPLIST_KEY_UILaunchStoryboardName = LaunchScreen;
				INFOPLIST_KEY_UIMainStoryboardFile = Main;
				INFOPLIST_KEY_UIUserInterfaceStyle = Automatic;
				LD_RUNPATH_SEARCH_PATHS = (
					"$(inherited)",
					"@executable_path/Frameworks",
				);
				MARKETING_VERSION = 1.0;
				PRODUCT_BUNDLE_IDENTIFIER = TBBT.RTS;
				PRODUCT_NAME = RTS;
				SDKROOT = appletvos;
				SWIFT_EMIT_LOC_STRINGS = YES;
				SWIFT_OBJC_BRIDGING_HEADER = "RTS Shared/ShaderTypes.h";
				SWIFT_VERSION = 5.0;
				TARGETED_DEVICE_FAMILY = 3;
				TVOS_DEPLOYMENT_TARGET = 17.2;
				VALIDATE_PRODUCT = YES;
			};
			name = Release;
		};
		F47CC13F2B97415E00125D78 /* Debug */ = {
			isa = XCBuildConfiguration;
			buildSettings = {
				ASSETCATALOG_COMPILER_APPICON_NAME = AppIcon;
				ASSETCATALOG_COMPILER_GLOBAL_ACCENT_COLOR_NAME = AccentColor;
				CODE_SIGN_ENTITLEMENTS = "RTS macOS/RTS_macOS.entitlements";
				CODE_SIGN_STYLE = Automatic;
				COMBINE_HIDPI_IMAGES = YES;
				CURRENT_PROJECT_VERSION = 1;
				DEAD_CODE_STRIPPING = YES;
				DEVELOPMENT_TEAM = 9LSWDAPCZ6;
				ENABLE_HARDENED_RUNTIME = YES;
				GENERATE_INFOPLIST_FILE = YES;
				INFOPLIST_KEY_NSHumanReadableCopyright = "";
				INFOPLIST_KEY_NSMainStoryboardFile = Main;
				INFOPLIST_KEY_NSPrincipalClass = NSApplication;
				LD_RUNPATH_SEARCH_PATHS = (
					"$(inherited)",
					"@executable_path/../Frameworks",
				);
				MACOSX_DEPLOYMENT_TARGET = 14.1;
				MARKETING_VERSION = 1.0;
				PRODUCT_BUNDLE_IDENTIFIER = TBBT.RTS;
				PRODUCT_NAME = RTS;
				SDKROOT = macosx;
				SWIFT_EMIT_LOC_STRINGS = YES;
				SWIFT_OBJC_BRIDGING_HEADER = "RTS Shared/ShaderTypes.h";
				SWIFT_VERSION = 5.0;
			};
			name = Debug;
		};
		F47CC1402B97415E00125D78 /* Release */ = {
			isa = XCBuildConfiguration;
			buildSettings = {
				ASSETCATALOG_COMPILER_APPICON_NAME = AppIcon;
				ASSETCATALOG_COMPILER_GLOBAL_ACCENT_COLOR_NAME = AccentColor;
				CODE_SIGN_ENTITLEMENTS = "RTS macOS/RTS_macOS.entitlements";
				CODE_SIGN_STYLE = Automatic;
				COMBINE_HIDPI_IMAGES = YES;
				CURRENT_PROJECT_VERSION = 1;
				DEAD_CODE_STRIPPING = YES;
				DEVELOPMENT_TEAM = 9LSWDAPCZ6;
				ENABLE_HARDENED_RUNTIME = YES;
				GENERATE_INFOPLIST_FILE = YES;
				INFOPLIST_KEY_NSHumanReadableCopyright = "";
				INFOPLIST_KEY_NSMainStoryboardFile = Main;
				INFOPLIST_KEY_NSPrincipalClass = NSApplication;
				LD_RUNPATH_SEARCH_PATHS = (
					"$(inherited)",
					"@executable_path/../Frameworks",
				);
				MACOSX_DEPLOYMENT_TARGET = 14.1;
				MARKETING_VERSION = 1.0;
				PRODUCT_BUNDLE_IDENTIFIER = TBBT.RTS;
				PRODUCT_NAME = RTS;
				SDKROOT = macosx;
				SWIFT_EMIT_LOC_STRINGS = YES;
				SWIFT_OBJC_BRIDGING_HEADER = "RTS Shared/ShaderTypes.h";
				SWIFT_VERSION = 5.0;
			};
			name = Release;
		};
/* End XCBuildConfiguration section */

/* Begin XCConfigurationList section */
		2715C2AB2BA898ED00AAC167 /* Build configuration list for PBXNativeTarget "RTSTests" */ = {
			isa = XCConfigurationList;
			buildConfigurations = (
				2715C2A82BA8986200AAC167 /* Debug */,
				2715C2A92BA8986200AAC167 /* Release */,
			);
			defaultConfigurationIsVisible = 0;
			defaultConfigurationName = Release;
		};
		F4534A6A2BA8778800505014 /* Build configuration list for PBXNativeTarget "RTSTests" */ = {
			isa = XCConfigurationList;
			buildConfigurations = (
				F4534A682BA8778800505014 /* Debug */,
				F4534A692BA8778800505014 /* Release */,
			);
			defaultConfigurationIsVisible = 0;
			defaultConfigurationName = Release;
		};
		F47CC0F52B97415C00125D78 /* Build configuration list for PBXProject "RTS" */ = {
			isa = XCConfigurationList;
			buildConfigurations = (
				F47CC1362B97415E00125D78 /* Debug */,
				F47CC1372B97415E00125D78 /* Release */,
			);
			defaultConfigurationIsVisible = 0;
			defaultConfigurationName = Release;
		};
		F47CC1382B97415E00125D78 /* Build configuration list for PBXNativeTarget "RTS iOS" */ = {
			isa = XCConfigurationList;
			buildConfigurations = (
				F47CC1392B97415E00125D78 /* Debug */,
				F47CC13A2B97415E00125D78 /* Release */,
			);
			defaultConfigurationIsVisible = 0;
			defaultConfigurationName = Release;
		};
		F47CC13B2B97415E00125D78 /* Build configuration list for PBXNativeTarget "RTS tvOS" */ = {
			isa = XCConfigurationList;
			buildConfigurations = (
				F47CC13C2B97415E00125D78 /* Debug */,
				F47CC13D2B97415E00125D78 /* Release */,
			);
			defaultConfigurationIsVisible = 0;
			defaultConfigurationName = Release;
		};
		F47CC13E2B97415E00125D78 /* Build configuration list for PBXNativeTarget "RTS macOS" */ = {
			isa = XCConfigurationList;
			buildConfigurations = (
				F47CC13F2B97415E00125D78 /* Debug */,
				F47CC1402B97415E00125D78 /* Release */,
			);
			defaultConfigurationIsVisible = 0;
			defaultConfigurationName = Release;
		};
/* End XCConfigurationList section */
	};
	rootObject = F47CC0F22B97415C00125D78 /* Project object */;
}
